
Microsoft Visual Studio Solution File, Format Version 12.00
# Visual Studio Version 17
VisualStudioVersion = 17.4.33205.214
MinimumVisualStudioVersion = 10.0.40219.1
Project("{9A19103F-16F7-4668-BE54-9A1E7A4F7556}") = "FinalMVC", "FinalMVC\FinalMVC.csproj", "{21699CBF-96FF-427D-BF12-AF41497D755F}"
EndProject
Project("{FAE04EC0-301F-11D3-BF4B-00C04F79EFBC}") = "FinalAPI", "FinalAPI\FinalAPI.csproj", "{AC4E0294-1BCE-47B6-9F42-0946A86E8943}"
EndProject
Global
	GlobalSection(SolutionConfigurationPlatforms) = preSolution
		Debug|Any CPU = Debug|Any CPU
		Release|Any CPU = Release|Any CPU
	EndGlobalSection
	GlobalSection(ProjectConfigurationPlatforms) = postSolution
		{21699CBF-96FF-427D-BF12-AF41497D755F}.Debug|Any CPU.ActiveCfg = Debug|Any CPU
		{21699CBF-96FF-427D-BF12-AF41497D755F}.Debug|Any CPU.Build.0 = Debug|Any CPU
		{21699CBF-96FF-427D-BF12-AF41497D755F}.Release|Any CPU.ActiveCfg = Release|Any CPU
		{21699CBF-96FF-427D-BF12-AF41497D755F}.Release|Any CPU.Build.0 = Release|Any CPU
		{AC4E0294-1BCE-47B6-9F42-0946A86E8943}.Debug|Any CPU.ActiveCfg = Debug|Any CPU
		{AC4E0294-1BCE-47B6-9F42-0946A86E8943}.Debug|Any CPU.Build.0 = Debug|Any CPU
		{AC4E0294-1BCE-47B6-9F42-0946A86E8943}.Release|Any CPU.ActiveCfg = Release|Any CPU
		{AC4E0294-1BCE-47B6-9F42-0946A86E8943}.Release|Any CPU.Build.0 = Release|Any CPU
	EndGlobalSection
	GlobalSection(SolutionProperties) = preSolution
		HideSolutionNode = FALSE
	EndGlobalSection
	GlobalSection(ExtensibilityGlobals) = postSolution
		SolutionGuid = {8DD8F136-2369-4D10-8917-4E58E5BFB588}
	EndGlobalSection
EndGlobal
